# This file is automatically @generated by Cargo.
# It is not intended for manual editing.
[[package]]
name = "adler32"
version = "1.2.0"
source = "registry+https://github.com/rust-lang/crates.io-index"
checksum = "aae1277d39aeec15cb388266ecc24b11c80469deae6067e17a1a7aa9e5c1f234"

[[package]]
name = "arrayref"
version = "0.3.6"
source = "registry+https://github.com/rust-lang/crates.io-index"
checksum = "a4c527152e37cf757a3f78aae5a06fbeefdb07ccc535c980a3208ee3060dd544"

[[package]]
name = "arrayvec"
version = "0.5.2"
source = "registry+https://github.com/rust-lang/crates.io-index"
checksum = "23b62fc65de8e4e7f52534fb52b0f3ed04746ae267519eef2a83941e8085068b"

[[package]]
name = "autocfg"
version = "1.0.1"
source = "registry+https://github.com/rust-lang/crates.io-index"
checksum = "cdb031dd78e28731d87d56cc8ffef4a8f36ca26c38fe2de700543e627f8a464a"

[[package]]
name = "bitflags"
version = "1.2.1"
source = "registry+https://github.com/rust-lang/crates.io-index"
checksum = "cf1de2fe8c75bc145a2f577add951f8134889b4795d47466a54a5c846d691693"

[[package]]
name = "bytemuck"
version = "1.4.1"
source = "registry+https://github.com/rust-lang/crates.io-index"
checksum = "41aa2ec95ca3b5c54cf73c91acf06d24f4495d5f1b1c12506ae3483d646177ac"

[[package]]
name = "byteorder"
version = "1.3.4"
source = "registry+https://github.com/rust-lang/crates.io-index"
checksum = "08c48aae112d48ed9f069b33538ea9e3e90aa263cfa3d1c24309612b1f7472de"

[[package]]
name = "cc"
version = "1.0.63"
source = "registry+https://github.com/rust-lang/crates.io-index"
checksum = "ad9c6140b5a2c7db40ea56eb1821245e5362b44385c05b76288b1a599934ac87"

[[package]]
name = "cfg-if"
version = "1.0.0"
source = "registry+https://github.com/rust-lang/crates.io-index"
checksum = "baf1de4339761588bc0619e3cbc0120ee582ebb74b53b4efbf79117bd2da40fd"

[[package]]
name = "crc32fast"
version = "1.2.1"
source = "registry+https://github.com/rust-lang/crates.io-index"
checksum = "81156fece84ab6a9f2afdb109ce3ae577e42b1228441eded99bd77f627953b1a"
dependencies = [
 "cfg-if",
]

[[package]]
name = "crossbeam-channel"
version = "0.5.0"
source = "registry+https://github.com/rust-lang/crates.io-index"
checksum = "dca26ee1f8d361640700bde38b2c37d8c22b3ce2d360e1fc1c74ea4b0aa7d775"
dependencies = [
 "cfg-if",
 "crossbeam-utils",
]

[[package]]
name = "crossbeam-utils"
version = "0.8.3"
source = "registry+https://github.com/rust-lang/crates.io-index"
checksum = "e7e9d99fa91428effe99c5c6d4634cdeba32b8cf784fc428a2a687f61a952c49"
dependencies = [
 "autocfg",
 "cfg-if",
 "lazy_static",
]

[[package]]
name = "dashmap"
version = "4.0.2"
source = "registry+https://github.com/rust-lang/crates.io-index"
checksum = "e77a43b28d0668df09411cb0bc9a8c2adc40f9a048afe863e05fd43251e8e39c"
dependencies = [
 "cfg-if",
 "num_cpus",
]

[[package]]
name = "deflate"
version = "0.8.6"
source = "registry+https://github.com/rust-lang/crates.io-index"
checksum = "73770f8e1fe7d64df17ca66ad28994a0a623ea497fa69486e14984e715c5d174"
dependencies = [
 "adler32",
 "byteorder",
]

[[package]]
name = "fnv"
version = "1.0.7"
source = "registry+https://github.com/rust-lang/crates.io-index"
checksum = "3f9eec918d3f24069decb9af1554cad7c880e2da24a9afd88aca000531ab82c1"

[[package]]
name = "fontdb"
version = "0.5.1"
source = "registry+https://github.com/rust-lang/crates.io-index"
checksum = "428948a0f39fb83fe55991d4423e35a793cdbb0322ebe23853f6024124a330d7"
dependencies = [
 "log",
 "memmap2",
 "ttf-parser",
]

[[package]]
name = "graffiti"
version = "0.1.0"
dependencies = [
 "crossbeam-channel",
 "dashmap",
 "fnv",
 "fontdb",
 "graffiti-glfw",
 "graffiti-yoga",
 "nanoserde",
 "objc",
 "once_cell",
 "owned_ttf_parser",
 "pom",
 "tiny-skia",
]

[[package]]
name = "graffiti-glfw"
version = "3.3.2"
dependencies = [
 "cc",
]

[[package]]
name = "graffiti-yoga"
version = "1.18.0"
dependencies = [
 "cc",
]

[[package]]
name = "hermit-abi"
version = "0.1.17"
source = "registry+https://github.com/rust-lang/crates.io-index"
checksum = "5aca5565f760fb5b220e499d72710ed156fdb74e631659e99377d9ebfbd13ae8"
dependencies = [
 "libc",
]

[[package]]
name = "lazy_static"
version = "1.4.0"
source = "registry+https://github.com/rust-lang/crates.io-index"
checksum = "e2abad23fbc42b3700f2f279844dc832adb2b2eb069b2df918f455c4e18cc646"

[[package]]
name = "libc"
version = "0.2.80"
source = "registry+https://github.com/rust-lang/crates.io-index"
checksum = "4d58d1b70b004888f764dfbf6a26a3b0342a1632d33968e4a179d8011c760614"

[[package]]
name = "log"
version = "0.4.14"
source = "registry+https://github.com/rust-lang/crates.io-index"
checksum = "51b9bbe6c47d51fc3e1a9b945965946b4c44142ab8792c50835a980d362c2710"
dependencies = [
 "cfg-if",
]

[[package]]
name = "malloc_buf"
version = "0.0.6"
source = "registry+https://github.com/rust-lang/crates.io-index"
checksum = "62bb907fe88d54d8d9ce32a3cceab4218ed2f6b7d35617cafe9adf84e43919cb"
dependencies = [
 "libc",
]

[[package]]
name = "memmap2"
version = "0.1.0"
source = "registry+https://github.com/rust-lang/crates.io-index"
checksum = "d9b70ca2a6103ac8b665dc150b142ef0e4e89df640c9e6cf295d189c3caebe5a"
dependencies = [
 "libc",
]

[[package]]
name = "miniz_oxide"
version = "0.3.7"
source = "registry+https://github.com/rust-lang/crates.io-index"
checksum = "791daaae1ed6889560f8c4359194f56648355540573244a5448a83ba1ecc7435"
dependencies = [
 "adler32",
]

[[package]]
name = "nanoserde"
version = "0.1.22"
source = "git+https://github.com/not-fl3/nanoserde?rev=c66efbd#c66efbd3e47b409221ff36c1c0f9f752f93af435"
dependencies = [
 "nanoserde-derive",
]

[[package]]
name = "nanoserde-derive"
version = "0.1.14"
source = "git+https://github.com/not-fl3/nanoserde?rev=c66efbd#c66efbd3e47b409221ff36c1c0f9f752f93af435"

[[package]]
name = "num_cpus"
version = "1.13.0"
source = "registry+https://github.com/rust-lang/crates.io-index"
checksum = "05499f3756671c15885fee9034446956fff3f243d6077b91e5767df161f766b3"
dependencies = [
 "hermit-abi",
 "libc",
]

[[package]]
name = "objc"
version = "0.2.7"
source = "registry+https://github.com/rust-lang/crates.io-index"
checksum = "915b1b472bc21c53464d6c8461c9d3af805ba1ef837e1cac254428f4a77177b1"
dependencies = [
 "malloc_buf",
]

[[package]]
name = "once_cell"
version = "1.7.2"
source = "registry+https://github.com/rust-lang/crates.io-index"
checksum = "af8b08b04175473088b46763e51ee54da5f9a164bc162f615b91bc179dbf15a3"

[[package]]
name = "owned_ttf_parser"
version = "0.9.0"
source = "registry+https://github.com/rust-lang/crates.io-index"
checksum = "1035b3031937401c4d01719ec82c558b268f923dcfca86e0fb1c2701782b2e89"
dependencies = [
 "ttf-parser",
]

[[package]]
name = "png"
version = "0.16.8"
source = "registry+https://github.com/rust-lang/crates.io-index"
checksum = "3c3287920cb847dee3de33d301c463fba14dda99db24214ddf93f83d3021f4c6"
dependencies = [
 "bitflags",
 "crc32fast",
 "deflate",
 "miniz_oxide",
]

[[package]]
name = "pom"
version = "3.2.0"
source = "registry+https://github.com/rust-lang/crates.io-index"
checksum = "07e2192780e9f8e282049ff9bffcaa28171e1cb0844f49ed5374e518ae6024ec"

[[package]]
name = "safe_arch"
version = "0.5.2"
source = "registry+https://github.com/rust-lang/crates.io-index"
checksum = "c1ff3d6d9696af502cc3110dacce942840fb06ff4514cad92236ecc455f2ce05"
dependencies = [
 "bytemuck",
]

[[package]]
name = "tiny-skia"
version = "0.2.0"
source = "git+https://github.com/RazrFalcon/tiny-skia?rev=7b5914d#7b5914d750b027269dc5d678fdca6bda0fcd6bb7"
dependencies = [
 "arrayref",
 "arrayvec",
 "bytemuck",
 "png",
 "wide",
]

[[package]]
name = "ttf-parser"
version = "0.9.0"
source = "registry+https://github.com/rust-lang/crates.io-index"
checksum = "62ddb402ac6c2af6f7a2844243887631c4e94b51585b229fcfddb43958cd55ca"

[[package]]
name = "wide"
version = "0.6.4"
source = "registry+https://github.com/rust-lang/crates.io-index"
checksum = "2c51f160ef6333906fad7d31a2010d449148dd1a26bc377e0a1ace2cc9e1e1ee"
dependencies = [
 "bytemuck",
 "safe_arch",
]
